// !$*UTF8*$!
{
	archiveVersion = 1;
	classes = {
	};
	objectVersion = 46;
	objects = {

/* Begin PBXBuildFile section */
		131751D21D27839E00D188C0 /* AppDelegate.swift in Sources */ = {isa = PBXBuildFile; fileRef = 131751D11D27839E00D188C0 /* AppDelegate.swift */; };
		131751D41D27839E00D188C0 /* ViewController.swift in Sources */ = {isa = PBXBuildFile; fileRef = 131751D31D27839E00D188C0 /* ViewController.swift */; };
		131751D71D27839E00D188C0 /* Main.storyboard in Resources */ = {isa = PBXBuildFile; fileRef = 131751D51D27839E00D188C0 /* Main.storyboard */; };
		131751D91D27839E00D188C0 /* Assets.xcassets in Resources */ = {isa = PBXBuildFile; fileRef = 131751D81D27839E00D188C0 /* Assets.xcassets */; };
		131751DC1D27839E00D188C0 /* LaunchScreen.storyboard in Resources */ = {isa = PBXBuildFile; fileRef = 131751DA1D27839E00D188C0 /* LaunchScreen.storyboard */; };
/* End PBXBuildFile section */

/* Begin PBXFileReference section */
		131751CE1D27839E00D188C0 /* WhatsYourName.app */ = {isa = PBXFileReference; explicitFileType = wrapper.application; includeInIndex = 0; path = WhatsYourName.app; sourceTree = BUILT_PRODUCTS_DIR; };
		131751D11D27839E00D188C0 /* AppDelegate.swift */ = {isa = PBXFileReference; lastKnownFileType = sourcecode.swift; path = AppDelegate.swift; sourceTree = "<group>"; };
		131751D31D27839E00D188C0 /* ViewController.swift */ = {isa = PBXFileReference; lastKnownFileType = sourcecode.swift; path = ViewController.swift; sourceTree = "<group>"; };
		131751D61D27839E00D188C0 /* Base */ = {isa = PBXFileReference; lastKnownFileType = file.storyboard; name = Base; path = Base.lproj/Main.storyboard; sourceTree = "<group>"; };
		131751D81D27839E00D188C0 /* Assets.xcassets */ = {isa = PBXFileReference; lastKnownFileType = folder.assetcatalog; path = Assets.xcassets; sourceTree = "<group>"; };
		131751DB1D27839E00D188C0 /* Base */ = {isa = PBXFileReference; lastKnownFileType = file.storyboard; name = Base; path = Base.lproj/LaunchScreen.storyboard; sourceTree = "<group>"; };
		131751DD1D27839E00D188C0 /* Info.plist */ = {isa = PBXFileReference; lastKnownFileType = text.plist.xml; path = Info.plist; sourceTree = "<group>"; };
/* End PBXFileReference section */

/* Begin PBXFrameworksBuildPhase section */
		131751CB1D27839E00D188C0 /* Frameworks */ = {
			isa = PBXFrameworksBuildPhase;
			buildActionMask = 2147483647;
			files = (
			);
			runOnlyForDeploymentPostprocessing = 0;
		};
/* End PBXFrameworksBuildPhase section */

/* Begin PBXGroup section */
		131751C51D27839E00D188C0 = {
			isa = PBXGroup;
			children = (
				131751D01D27839E00D188C0 /* WhatsYourName */,
				131751CF1D27839E00D188C0 /* Products */,
			);
			sourceTree = "<group>";
		};
		131751CF1D27839E00D188C0 /* Products */ = {
			isa = PBXGroup;
			children = (
				131751CE1D27839E00D188C0 /* WhatsYourName.app */,
			);
			name = Products;
			sourceTree = "<group>";
		};
		131751D01D27839E00D188C0 /* WhatsYourName */ = {
			isa = PBXGroup;
			children = (
				131751D11D27839E00D188C0 /* AppDelegate.swift */,
				131751D31D27839E00D188C0 /* ViewController.swift */,
				131751D51D27839E00D188C0 /* Main.storyboard */,
				131751D81D27839E00D188C0 /* Assets.xcassets */,
				131751DA1D27839E00D188C0 /* LaunchScreen.storyboard */,
				131751DD1D27839E00D188C0 /* Info.plist */,
			);
			path = WhatsYourName;
			sourceTree = "<group>";
		};
/* End PBXGroup section */

/* Begin PBXNativeTarget section */
		131751CD1D27839E00D188C0 /* WhatsYourName */ = {
			isa = PBXNativeTarget;
			buildConfigurationList = 131751E01D27839E00D188C0 /* Build configuration list for PBXNativeTarget "WhatsYourName" */;
			buildPhases = (
				131751CA1D27839E00D188C0 /* Sources */,
				131751CB1D27839E00D188C0 /* Frameworks */,
				131751CC1D27839E00D188C0 /* Resources */,
			);
			buildRules = (
			);
			dependencies = (
			);
			name = WhatsYourName;
			productName = WhatsYourName;
			productReference = 131751CE1D27839E00D188C0 /* WhatsYourName.app */;
			productType = "com.apple.product-type.application";
		};
/* End PBXNativeTarget section */

/* Begin PBXProject section */
		131751C61D27839E00D188C0 /* Project object */ = {
			isa = PBXProject;
			attributes = {
				LastSwiftUpdateCheck = 0730;
				LastUpgradeCheck = 0730;
				ORGANIZATIONNAME = AeronAn;
				TargetAttributes = {
					131751CD1D27839E00D188C0 = {
						CreatedOnToolsVersion = 7.3;
					};
				};
			};
			buildConfigurationList = 131751C91D27839E00D188C0 /* Build configuration list for PBXProject "WhatsYourName" */;
			compatibilityVersion = "Xcode 3.2";
			developmentRegion = English;
			hasScannedForEncodings = 0;
			knownRegions = (
				en,
				Base,
			);
			mainGroup = 131751C51D27839E00D188C0;
			productRefGroup = 131751CF1D27839E00D188C0 /* Products */;
			projectDirPath = "";
			projectRoot = "";
			targets = (
				131751CD1D27839E00D188C0 /* WhatsYourName */,
			);
		};
/* End PBXProject section */

/* Begin PBXResourcesBuildPhase section */
		131751CC1D27839E00D188C0 /* Resources */ = {
			isa = PBXResourcesBuildPhase;
			buildActionMask = 2147483647;
			files = (
				131751DC1D27839E00D188C0 /* LaunchScreen.storyboard in Resources */,
				131751D91D27839E00D188C0 /* Assets.xcassets in Resources */,
				131751D71D27839E00D188C0 /* Main.storyboard in Resources */,
			);
			runOnlyForDeploymentPostprocessing = 0;
		};
/* End PBXResourcesBuildPhase section */

/* Begin PBXSourcesBuildPhase section */
		131751CA1D27839E00D188C0 /* Sources */ = {
			isa = PBXSourcesBuildPhase;
			buildActionMask = 2147483647;
			files = (
				131751D41D27839E00D188C0 /* ViewController.swift in Sources */,
				131751D21D27839E00D188C0 /* AppDelegate.swift in Sources */,
			);
			runOnlyForDeploymentPostprocessing = 0;
		};
/* End PBXSourcesBuildPhase section */

/* Begin PBXVariantGroup section */
		131751D51D27839E00D188C0 /* Main.storyboard */ = {
			isa = PBXVariantGroup;
			children = (
				131751D61D27839E00D188C0 /* Base */,
			);
			name = Main.storyboard;
			sourceTree = "<group>";
		};
		131751DA1D27839E00D188C0 /* LaunchScreen.storyboard */ = {
			isa = PBXVariantGroup;
			children = (
				131751DB1D27839E00D188C0 /* Base */,
			);
			name = LaunchScreen.storyboard;
			sourceTree = "<group>";
		};
/* End PBXVariantGroup section */

/* Begin XCBuildConfiguration section */
		131751DE1D27839E00D188C0 /* Debug */ = {
			isa = XCBuildConfiguration;
			buildSettings = {
				ALWAYS_SEARCH_USER_PATHS = NO;
				CLANG_ANALYZER_NONNULL = YES;
				CLANG_CXX_LANGUAGE_STANDARD = "gnu++0x";
				CLANG_CXX_LIBRARY = "libc++";
				CLANG_ENABLE_MODULES = YES;
				CLANG_ENABLE_OBJC_ARC = YES;
				CLANG_WARN_BOOL_CONVERSION = YES;
				CLANG_WARN_CONSTANT_CONVERSION = YES;
				CLANG_WARN_DIRECT_OBJC_ISA_USAGE = YES_ERROR;
				CLANG_WARN_EMPTY_BODY = YES;
				CLANG_WARN_ENUM_CONVERSION = YES;
				CLANG_WARN_INT_CONVERSION = YES;
				CLANG_WARN_OBJC_ROOT_CLASS = YES_ERROR;
				CLANG_WARN_UNREACHABLE_CODE = YES;
				CLANG_WARN__DUPLICATE_METHOD_MATCH = YES;
				"CODE_SIGN_IDENTITY[sdk=iphoneos*]" = "iPhone Developer";
				COPY_PHASE_STRIP = NO;
				DEBUG_INFORMATION_FORMAT = dwarf;
				ENABLE_STRICT_OBJC_MSGSEND = YES;
				ENABLE_TESTABILITY = YES;
				GCC_C_LANGUAGE_STANDARD = gnu99;
				GCC_DYNAMIC_NO_PIC = NO;
				GCC_NO_COMMON_BLOCKS = YES;
				GCC_OPTIMIZATION_LEVEL = 0;
				GCC_PREPROCESSOR_DEFINITIONS = (
					"DEBUG=1",
					"$(inherited)",
				);
				GCC_WARN_64_TO_32_BIT_CONVERSION = YES;
				GCC_WARN_ABOUT_RETURN_TYPE = YES_ERROR;
				GCC_WARN_UNDECLARED_SELECTOR = YES;
				GCC_WARN_UNINITIALIZED_AUTOS = YES_AGGRESSIVE;
				GCC_WARN_UNUSED_FUNCTION = YES;
				GCC_WARN_UNUSED_VARIABLE = YES;
				IPHONEOS_DEPLOYMENT_TARGET = 9.3;
				MTL_ENABLE_DEBUG_INFO = YES;
				ONLY_ACTIVE_ARCH = YES;
				SDKROOT = iphoneos;
				SWIFT_OPTIMIZATION_LEVEL = "-Onone";
				TARGETED_DEVICE_FAMILY = "1,2";
			};
			name = Debug;
		};
		131751DF1D27839E00D188C0 /* Release */ = {
			isa = XCBuildConfiguration;
			buildSettings = {
				ALWAYS_SEARCH_USER_PATHS = NO;
				CLANG_ANALYZER_NONNULL = YES;
				CLANG_CXX_LANGUAGE_STANDARD = "gnu++0x";
				CLANG_CXX_LIBRARY = "libc++";
				CLANG_ENABLE_MODULES = YES;
				CLANG_ENABLE_OBJC_ARC = YES;
				CLANG_WARN_BOOL_CONVERSION = YES;
				CLANG_WARN_CONSTANT_CONVERSION = YES;
				CLANG_WARN_DIRECT_OBJC_ISA_USAGE = YES_ERROR;
				CLANG_WARN_EMPTY_BODY = YES;
				CLANG_WARN_ENUM_CONVERSION = YES;
				CLANG_WARN_INT_CONVERSION = YES;
				CLANG_WARN_OBJC_ROOT_CLASS = YES_ERROR;
				CLANG_WARN_UNREACHABLE_CODE = YES;
				CLANG_WARN__DUPLICATE_METHOD_MATCH = YES;
				"CODE_SIGN_IDENTITY[sdk=iphoneos*]" = "iPhone Developer";
				COPY_PHASE_STRIP = NO;
				DEBUG_INFORMATION_FORMAT = "dwarf-with-dsym";
				ENABLE_NS_ASSERTIONS = NO;
				ENABLE_STRICT_OBJC_MSGSEND = YES;
				GCC_C_LANGUAGE_STANDARD = gnu99;
				GCC_NO_COMMON_BLOCKS = YES;
				GCC_WARN_64_TO_32_BIT_CONVERSION = YES;
				GCC_WARN_ABOUT_RETURN_TYPE = YES_ERROR;
				GCC_WARN_UNDECLARED_SELECTOR = YES;
				GCC_WARN_UNINITIALIZED_AUTOS = YES_AGGRESSIVE;
				GCC_WARN_UNUSED_FUNCTION = YES;
				GCC_WARN_UNUSED_VARIABLE = YES;
				IPHONEOS_DEPLOYMENT_TARGET = 9.3;
				MTL_ENABLE_DEBUG_INFO = NO;
				SDKROOT = iphoneos;
				TARGETED_DEVICE_FAMILY = "1,2";
				VALIDATE_PRODUCT = YES;
			};
			name = Release;
		};
		131751E11D27839E00D188C0 /* Debug */ = {
			isa = XCBuildConfiguration;
			buildSettings = {
				ASSETCATALOG_COMPILER_APPICON_NAME = AppIcon;
				INFOPLIST_FILE = WhatsYourName/Info.plist;
				LD_RUNPATH_SEARCH_PATHS = "$(inherited) @executable_path/Frameworks";
				PRODUCT_BUNDLE_IDENTIFIER = net.travmate.WhatsYourName;
				PRODUCT_NAME = "$(TARGET_NAME)";
			};
			name = Debug;
		};
		131751E21D27839E00D188C0 /* Release */ = {
			isa = XCBuildConfiguration;
			buildSettings = {
				ASSETCATALOG_COMPILER_APPICON_NAME = AppIcon;
				INFOPLIST_FILE = WhatsYourName/Info.plist;
				LD_RUNPATH_SEARCH_PATHS = "$(inherited) @executable_path/Frameworks";
				PRODUCT_BUNDLE_IDENTIFIER = net.travmate.WhatsYourName;
				PRODUCT_NAME = "$(TARGET_NAME)";
			};
			name = Release;
		};
/* End XCBuildConfiguration section */

/* Begin XCConfigurationList section */
		131751C91D27839E00D188C0 /* Build configuration list for PBXProject "WhatsYourName" */ = {
			isa = XCConfigurationList;
			buildConfigurations = (
				131751DE1D27839E00D188C0 /* Debug */,
				131751DF1D27839E00D188C0 /* Release */,
			);
			defaultConfigurationIsVisible = 0;
			defaultConfigurationName = Release;
		};
		131751E01D27839E00D188C0 /* Build configuration list for PBXNativeTarget "WhatsYourName" */ = {
			isa = XCConfigurationList;
			buildConfigurations = (
				131751E11D27839E00D188C0 /* Debug */,
				131751E21D27839E00D188C0 /* Release */,
			);
			defaultConfigurationIsVisible = 0;
		};
/* End XCConfigurationList section */
	};
	rootObject = 131751C61D27839E00D188C0 /* Project object */;
}
